
Microsoft Visual Studio Solution File, Format Version 12.00
# Visual Studio Version 16
VisualStudioVersion = 16.0.32228.343
MinimumVisualStudioVersion = 10.0.40219.1
Project("{FAE04EC0-301F-11D3-BF4B-00C04F79EFBC}") = "TekBaşımaCoreProje1", "TekBaşımaCoreProje1\TekBaşımaCoreProje1.csproj", "{07DA34E3-E65D-4595-891E-6047BBDF9E57}"
EndProject
Global
	GlobalSection(SolutionConfigurationPlatforms) = preSolution
		Debug|Any CPU = Debug|Any CPU
		Release|Any CPU = Release|Any CPU
	EndGlobalSection
	GlobalSection(ProjectConfigurationPlatforms) = postSolution
		{07DA34E3-E65D-4595-891E-6047BBDF9E57}.Debug|Any CPU.ActiveCfg = Debug|Any CPU
		{07DA34E3-E65D-4595-891E-6047BBDF9E57}.Debug|Any CPU.Build.0 = Debug|Any CPU
		{07DA34E3-E65D-4595-891E-6047BBDF9E57}.Release|Any CPU.ActiveCfg = Release|Any CPU
		{07DA34E3-E65D-4595-891E-6047BBDF9E57}.Release|Any CPU.Build.0 = Release|Any CPU
	EndGlobalSection
	GlobalSection(SolutionProperties) = preSolution
		HideSolutionNode = FALSE
	EndGlobalSection
	GlobalSection(ExtensibilityGlobals) = postSolution
		SolutionGuid = {07A963BE-A3EF-40EE-81F0-C68248F5D6C3}
	EndGlobalSection
EndGlobal
